// !$*UTF8*$!
{
	archiveVersion = 1;
	classes = {
	};
	objectVersion = 46;
	objects = {

/* Begin PBXBuildFile section */
		47B617271CE7D19700DFB41F /* Argument.swift in Sources */ = {isa = PBXBuildFile; fileRef = 47B617161CE7D19600DFB41F /* Argument.swift */; };
		47B617281CE7D19700DFB41F /* BranchPattern.swift in Sources */ = {isa = PBXBuildFile; fileRef = 47B617171CE7D19600DFB41F /* BranchPattern.swift */; };
		47B617291CE7D19700DFB41F /* Command.swift in Sources */ = {isa = PBXBuildFile; fileRef = 47B617181CE7D19600DFB41F /* Command.swift */; };
		47B6172A1CE7D19700DFB41F /* Docopt.swift in Sources */ = {isa = PBXBuildFile; fileRef = 47B6171A1CE7D19600DFB41F /* Docopt.swift */; };
		47B6172B1CE7D19700DFB41F /* DocoptError.swift in Sources */ = {isa = PBXBuildFile; fileRef = 47B6171B1CE7D19600DFB41F /* DocoptError.swift */; };
		47B6172C1CE7D19700DFB41F /* Either.swift in Sources */ = {isa = PBXBuildFile; fileRef = 47B6171C1CE7D19600DFB41F /* Either.swift */; };
		47B6172D1CE7D19700DFB41F /* LeafPattern.swift in Sources */ = {isa = PBXBuildFile; fileRef = 47B6171E1CE7D19700DFB41F /* LeafPattern.swift */; };
		47B6172E1CE7D19700DFB41F /* OneOrMore.swift in Sources */ = {isa = PBXBuildFile; fileRef = 47B6171F1CE7D19700DFB41F /* OneOrMore.swift */; };
		47B6172F1CE7D19700DFB41F /* Option.swift in Sources */ = {isa = PBXBuildFile; fileRef = 47B617201CE7D19700DFB41F /* Option.swift */; };
		47B617301CE7D19700DFB41F /* Optional.swift in Sources */ = {isa = PBXBuildFile; fileRef = 47B617211CE7D19700DFB41F /* Optional.swift */; };
		47B617311CE7D19700DFB41F /* OptionsShortcut.swift in Sources */ = {isa = PBXBuildFile; fileRef = 47B617221CE7D19700DFB41F /* OptionsShortcut.swift */; };
		47B617321CE7D19700DFB41F /* Pattern.swift in Sources */ = {isa = PBXBuildFile; fileRef = 47B617231CE7D19700DFB41F /* Pattern.swift */; };
		47B617331CE7D19700DFB41F /* Required.swift in Sources */ = {isa = PBXBuildFile; fileRef = 47B617241CE7D19700DFB41F /* Required.swift */; };
		47B617341CE7D19700DFB41F /* String.swift in Sources */ = {isa = PBXBuildFile; fileRef = 47B617251CE7D19700DFB41F /* String.swift */; };
		47B617351CE7D19700DFB41F /* Tokens.swift in Sources */ = {isa = PBXBuildFile; fileRef = 47B617261CE7D19700DFB41F /* Tokens.swift */; };
		47F099B81CE52AF70054E05F /* main.swift in Sources */ = {isa = PBXBuildFile; fileRef = 47F099B71CE52AF70054E05F /* main.swift */; };
/* End PBXBuildFile section */

/* Begin PBXCopyFilesBuildPhase section */
		47F099B21CE52AF70054E05F /* CopyFiles */ = {
			isa = PBXCopyFilesBuildPhase;
			buildActionMask = 2147483647;
			dstPath = /usr/share/man/man1/;
			dstSubfolderSpec = 0;
			files = (
			);
			runOnlyForDeploymentPostprocessing = 1;
		};
/* End PBXCopyFilesBuildPhase section */

/* Begin PBXFileReference section */
		47B617161CE7D19600DFB41F /* Argument.swift */ = {isa = PBXFileReference; fileEncoding = 4; lastKnownFileType = sourcecode.swift; name = Argument.swift; path = docopt/Argument.swift; sourceTree = "<group>"; };
		47B617171CE7D19600DFB41F /* BranchPattern.swift */ = {isa = PBXFileReference; fileEncoding = 4; lastKnownFileType = sourcecode.swift; name = BranchPattern.swift; path = docopt/BranchPattern.swift; sourceTree = "<group>"; };
		47B617181CE7D19600DFB41F /* Command.swift */ = {isa = PBXFileReference; fileEncoding = 4; lastKnownFileType = sourcecode.swift; name = Command.swift; path = docopt/Command.swift; sourceTree = "<group>"; };
		47B617191CE7D19600DFB41F /* Docopt.h */ = {isa = PBXFileReference; fileEncoding = 4; lastKnownFileType = sourcecode.c.h; name = Docopt.h; path = docopt/Docopt.h; sourceTree = "<group>"; };
		47B6171A1CE7D19600DFB41F /* Docopt.swift */ = {isa = PBXFileReference; fileEncoding = 4; lastKnownFileType = sourcecode.swift; name = Docopt.swift; path = docopt/Docopt.swift; sourceTree = "<group>"; };
		47B6171B1CE7D19600DFB41F /* DocoptError.swift */ = {isa = PBXFileReference; fileEncoding = 4; lastKnownFileType = sourcecode.swift; name = DocoptError.swift; path = docopt/DocoptError.swift; sourceTree = "<group>"; };
		47B6171C1CE7D19600DFB41F /* Either.swift */ = {isa = PBXFileReference; fileEncoding = 4; lastKnownFileType = sourcecode.swift; name = Either.swift; path = docopt/Either.swift; sourceTree = "<group>"; };
		47B6171D1CE7D19600DFB41F /* Info.plist */ = {isa = PBXFileReference; fileEncoding = 4; lastKnownFileType = text.plist.xml; name = Info.plist; path = docopt/Info.plist; sourceTree = "<group>"; };
		47B6171E1CE7D19700DFB41F /* LeafPattern.swift */ = {isa = PBXFileReference; fileEncoding = 4; lastKnownFileType = sourcecode.swift; name = LeafPattern.swift; path = docopt/LeafPattern.swift; sourceTree = "<group>"; };
		47B6171F1CE7D19700DFB41F /* OneOrMore.swift */ = {isa = PBXFileReference; fileEncoding = 4; lastKnownFileType = sourcecode.swift; name = OneOrMore.swift; path = docopt/OneOrMore.swift; sourceTree = "<group>"; };
		47B617201CE7D19700DFB41F /* Option.swift */ = {isa = PBXFileReference; fileEncoding = 4; lastKnownFileType = sourcecode.swift; name = Option.swift; path = docopt/Option.swift; sourceTree = "<group>"; };
		47B617211CE7D19700DFB41F /* Optional.swift */ = {isa = PBXFileReference; fileEncoding = 4; lastKnownFileType = sourcecode.swift; name = Optional.swift; path = docopt/Optional.swift; sourceTree = "<group>"; };
		47B617221CE7D19700DFB41F /* OptionsShortcut.swift */ = {isa = PBXFileReference; fileEncoding = 4; lastKnownFileType = sourcecode.swift; name = OptionsShortcut.swift; path = docopt/OptionsShortcut.swift; sourceTree = "<group>"; };
		47B617231CE7D19700DFB41F /* Pattern.swift */ = {isa = PBXFileReference; fileEncoding = 4; lastKnownFileType = sourcecode.swift; name = Pattern.swift; path = docopt/Pattern.swift; sourceTree = "<group>"; };
		47B617241CE7D19700DFB41F /* Required.swift */ = {isa = PBXFileReference; fileEncoding = 4; lastKnownFileType = sourcecode.swift; name = Required.swift; path = docopt/Required.swift; sourceTree = "<group>"; };
		47B617251CE7D19700DFB41F /* String.swift */ = {isa = PBXFileReference; fileEncoding = 4; lastKnownFileType = sourcecode.swift; name = String.swift; path = docopt/String.swift; sourceTree = "<group>"; };
		47B617261CE7D19700DFB41F /* Tokens.swift */ = {isa = PBXFileReference; fileEncoding = 4; lastKnownFileType = sourcecode.swift; name = Tokens.swift; path = docopt/Tokens.swift; sourceTree = "<group>"; };
		47F099B41CE52AF70054E05F /* sim */ = {isa = PBXFileReference; explicitFileType = "compiled.mach-o.executable"; includeInIndex = 0; path = sim; sourceTree = BUILT_PRODUCTS_DIR; };
		47F099B71CE52AF70054E05F /* main.swift */ = {isa = PBXFileReference; lastKnownFileType = sourcecode.swift; path = main.swift; sourceTree = "<group>"; };
/* End PBXFileReference section */

/* Begin PBXFrameworksBuildPhase section */
		47F099B11CE52AF70054E05F /* Frameworks */ = {
			isa = PBXFrameworksBuildPhase;
			buildActionMask = 2147483647;
			files = (
			);
			runOnlyForDeploymentPostprocessing = 0;
		};
/* End PBXFrameworksBuildPhase section */

/* Begin PBXGroup section */
		47B617151CE7D18A00DFB41F /* docopt */ = {
			isa = PBXGroup;
			children = (
				47B617161CE7D19600DFB41F /* Argument.swift */,
				47B617171CE7D19600DFB41F /* BranchPattern.swift */,
				47B617181CE7D19600DFB41F /* Command.swift */,
				47B617191CE7D19600DFB41F /* Docopt.h */,
				47B6171A1CE7D19600DFB41F /* Docopt.swift */,
				47B6171B1CE7D19600DFB41F /* DocoptError.swift */,
				47B6171C1CE7D19600DFB41F /* Either.swift */,
				47B6171D1CE7D19600DFB41F /* Info.plist */,
				47B6171E1CE7D19700DFB41F /* LeafPattern.swift */,
				47B6171F1CE7D19700DFB41F /* OneOrMore.swift */,
				47B617201CE7D19700DFB41F /* Option.swift */,
				47B617211CE7D19700DFB41F /* Optional.swift */,
				47B617221CE7D19700DFB41F /* OptionsShortcut.swift */,
				47B617231CE7D19700DFB41F /* Pattern.swift */,
				47B617241CE7D19700DFB41F /* Required.swift */,
				47B617251CE7D19700DFB41F /* String.swift */,
				47B617261CE7D19700DFB41F /* Tokens.swift */,
			);
			name = docopt;
			sourceTree = "<group>";
		};
		47F099AB1CE52AF70054E05F = {
			isa = PBXGroup;
			children = (
				47F099B61CE52AF70054E05F /* sim */,
				47F099B51CE52AF70054E05F /* Products */,
			);
			sourceTree = "<group>";
		};
		47F099B51CE52AF70054E05F /* Products */ = {
			isa = PBXGroup;
			children = (
				47F099B41CE52AF70054E05F /* sim */,
			);
			name = Products;
			sourceTree = "<group>";
		};
		47F099B61CE52AF70054E05F /* sim */ = {
			isa = PBXGroup;
			children = (
				47B617151CE7D18A00DFB41F /* docopt */,
				47F099B71CE52AF70054E05F /* main.swift */,
			);
			path = sim;
			sourceTree = "<group>";
		};
/* End PBXGroup section */

/* Begin PBXNativeTarget section */
		47F099B31CE52AF70054E05F /* sim */ = {
			isa = PBXNativeTarget;
			buildConfigurationList = 47F099BB1CE52AF70054E05F /* Build configuration list for PBXNativeTarget "sim" */;
			buildPhases = (
				47F099B01CE52AF70054E05F /* Sources */,
				47F099B11CE52AF70054E05F /* Frameworks */,
				47F099B21CE52AF70054E05F /* CopyFiles */,
			);
			buildRules = (
			);
			dependencies = (
			);
			name = sim;
			productName = sim;
			productReference = 47F099B41CE52AF70054E05F /* sim */;
			productType = "com.apple.product-type.tool";
		};
/* End PBXNativeTarget section */

/* Begin PBXProject section */
		47F099AC1CE52AF70054E05F /* Project object */ = {
			isa = PBXProject;
			attributes = {
				LastSwiftUpdateCheck = 0730;
				LastUpgradeCheck = 0730;
				ORGANIZATIONNAME = "Xavi Gil";
				TargetAttributes = {
					47F099B31CE52AF70054E05F = {
						CreatedOnToolsVersion = 7.3.1;
					};
				};
			};
			buildConfigurationList = 47F099AF1CE52AF70054E05F /* Build configuration list for PBXProject "sim" */;
			compatibilityVersion = "Xcode 3.2";
			developmentRegion = English;
			hasScannedForEncodings = 0;
			knownRegions = (
				en,
			);
			mainGroup = 47F099AB1CE52AF70054E05F;
			productRefGroup = 47F099B51CE52AF70054E05F /* Products */;
			projectDirPath = "";
			projectRoot = "";
			targets = (
				47F099B31CE52AF70054E05F /* sim */,
			);
		};
/* End PBXProject section */

/* Begin PBXSourcesBuildPhase section */
		47F099B01CE52AF70054E05F /* Sources */ = {
			isa = PBXSourcesBuildPhase;
			buildActionMask = 2147483647;
			files = (
				47B6172C1CE7D19700DFB41F /* Either.swift in Sources */,
				47B617301CE7D19700DFB41F /* Optional.swift in Sources */,
				47B617281CE7D19700DFB41F /* BranchPattern.swift in Sources */,
				47B6172F1CE7D19700DFB41F /* Option.swift in Sources */,
				47B617311CE7D19700DFB41F /* OptionsShortcut.swift in Sources */,
				47B6172D1CE7D19700DFB41F /* LeafPattern.swift in Sources */,
				47B617331CE7D19700DFB41F /* Required.swift in Sources */,
				47B6172A1CE7D19700DFB41F /* Docopt.swift in Sources */,
				47B617271CE7D19700DFB41F /* Argument.swift in Sources */,
				47F099B81CE52AF70054E05F /* main.swift in Sources */,
				47B617321CE7D19700DFB41F /* Pattern.swift in Sources */,
				47B617351CE7D19700DFB41F /* Tokens.swift in Sources */,
				47B6172E1CE7D19700DFB41F /* OneOrMore.swift in Sources */,
				47B617341CE7D19700DFB41F /* String.swift in Sources */,
				47B617291CE7D19700DFB41F /* Command.swift in Sources */,
				47B6172B1CE7D19700DFB41F /* DocoptError.swift in Sources */,
			);
			runOnlyForDeploymentPostprocessing = 0;
		};
/* End PBXSourcesBuildPhase section */

/* Begin XCBuildConfiguration section */
		47F099B91CE52AF70054E05F /* Debug */ = {
			isa = XCBuildConfiguration;
			buildSettings = {
				ALWAYS_SEARCH_USER_PATHS = NO;
				CLANG_ANALYZER_NONNULL = YES;
				CLANG_CXX_LANGUAGE_STANDARD = "gnu++0x";
				CLANG_CXX_LIBRARY = "libc++";
				CLANG_ENABLE_MODULES = YES;
				CLANG_ENABLE_OBJC_ARC = YES;
				CLANG_WARN_BOOL_CONVERSION = YES;
				CLANG_WARN_CONSTANT_CONVERSION = YES;
				CLANG_WARN_DIRECT_OBJC_ISA_USAGE = YES_ERROR;
				CLANG_WARN_EMPTY_BODY = YES;
				CLANG_WARN_ENUM_CONVERSION = YES;
				CLANG_WARN_INT_CONVERSION = YES;
				CLANG_WARN_OBJC_ROOT_CLASS = YES_ERROR;
				CLANG_WARN_UNREACHABLE_CODE = YES;
				CLANG_WARN__DUPLICATE_METHOD_MATCH = YES;
				CODE_SIGN_IDENTITY = "-";
				COPY_PHASE_STRIP = NO;
				DEBUG_INFORMATION_FORMAT = dwarf;
				ENABLE_STRICT_OBJC_MSGSEND = YES;
				ENABLE_TESTABILITY = YES;
				GCC_C_LANGUAGE_STANDARD = gnu99;
				GCC_DYNAMIC_NO_PIC = NO;
				GCC_NO_COMMON_BLOCKS = YES;
				GCC_OPTIMIZATION_LEVEL = 0;
				GCC_PREPROCESSOR_DEFINITIONS = (
					"DEBUG=1",
					"$(inherited)",
				);
				GCC_WARN_64_TO_32_BIT_CONVERSION = YES;
				GCC_WARN_ABOUT_RETURN_TYPE = YES_ERROR;
				GCC_WARN_UNDECLARED_SELECTOR = YES;
				GCC_WARN_UNINITIALIZED_AUTOS = YES_AGGRESSIVE;
				GCC_WARN_UNUSED_FUNCTION = YES;
				GCC_WARN_UNUSED_VARIABLE = YES;
				MACOSX_DEPLOYMENT_TARGET = 10.11;
				MTL_ENABLE_DEBUG_INFO = YES;
				ONLY_ACTIVE_ARCH = YES;
				SDKROOT = macosx;
				SWIFT_OPTIMIZATION_LEVEL = "-Onone";
			};
			name = Debug;
		};
		47F099BA1CE52AF70054E05F /* Release */ = {
			isa = XCBuildConfiguration;
			buildSettings = {
				ALWAYS_SEARCH_USER_PATHS = NO;
				CLANG_ANALYZER_NONNULL = YES;
				CLANG_CXX_LANGUAGE_STANDARD = "gnu++0x";
				CLANG_CXX_LIBRARY = "libc++";
				CLANG_ENABLE_MODULES = YES;
				CLANG_ENABLE_OBJC_ARC = YES;
				CLANG_WARN_BOOL_CONVERSION = YES;
				CLANG_WARN_CONSTANT_CONVERSION = YES;
				CLANG_WARN_DIRECT_OBJC_ISA_USAGE = YES_ERROR;
				CLANG_WARN_EMPTY_BODY = YES;
				CLANG_WARN_ENUM_CONVERSION = YES;
				CLANG_WARN_INT_CONVERSION = YES;
				CLANG_WARN_OBJC_ROOT_CLASS = YES_ERROR;
				CLANG_WARN_UNREACHABLE_CODE = YES;
				CLANG_WARN__DUPLICATE_METHOD_MATCH = YES;
				CODE_SIGN_IDENTITY = "-";
				COPY_PHASE_STRIP = NO;
				DEBUG_INFORMATION_FORMAT = "dwarf-with-dsym";
				ENABLE_NS_ASSERTIONS = NO;
				ENABLE_STRICT_OBJC_MSGSEND = YES;
				GCC_C_LANGUAGE_STANDARD = gnu99;
				GCC_NO_COMMON_BLOCKS = YES;
				GCC_WARN_64_TO_32_BIT_CONVERSION = YES;
				GCC_WARN_ABOUT_RETURN_TYPE = YES_ERROR;
				GCC_WARN_UNDECLARED_SELECTOR = YES;
				GCC_WARN_UNINITIALIZED_AUTOS = YES_AGGRESSIVE;
				GCC_WARN_UNUSED_FUNCTION = YES;
				GCC_WARN_UNUSED_VARIABLE = YES;
				MACOSX_DEPLOYMENT_TARGET = 10.11;
				MTL_ENABLE_DEBUG_INFO = NO;
				SDKROOT = macosx;
			};
			name = Release;
		};
		47F099BC1CE52AF70054E05F /* Debug */ = {
			isa = XCBuildConfiguration;
			buildSettings = {
				PRODUCT_NAME = "$(TARGET_NAME)";
			};
			name = Debug;
		};
		47F099BD1CE52AF70054E05F /* Release */ = {
			isa = XCBuildConfiguration;
			buildSettings = {
				PRODUCT_NAME = "$(TARGET_NAME)";
			};
			name = Release;
		};
/* End XCBuildConfiguration section */

/* Begin XCConfigurationList section */
		47F099AF1CE52AF70054E05F /* Build configuration list for PBXProject "sim" */ = {
			isa = XCConfigurationList;
			buildConfigurations = (
				47F099B91CE52AF70054E05F /* Debug */,
				47F099BA1CE52AF70054E05F /* Release */,
			);
			defaultConfigurationIsVisible = 0;
			defaultConfigurationName = Release;
		};
		47F099BB1CE52AF70054E05F /* Build configuration list for PBXNativeTarget "sim" */ = {
			isa = XCConfigurationList;
			buildConfigurations = (
				47F099BC1CE52AF70054E05F /* Debug */,
				47F099BD1CE52AF70054E05F /* Release */,
			);
			defaultConfigurationIsVisible = 0;
			defaultConfigurationName = Release;
		};
/* End XCConfigurationList section */
	};
	rootObject = 47F099AC1CE52AF70054E05F /* Project object */;
}
